
Microsoft Visual Studio Solution File, Format Version 12.00
# Visual Studio Version 17
VisualStudioVersion = 17.8.34408.163
MinimumVisualStudioVersion = 10.0.40219.1
Project("{FAE04EC0-301F-11D3-BF4B-00C04F79EFBC}") = "00. Algorithm", "CSharp-Algorithm\00. Algorithm.csproj", "{9E1DD6FA-50CD-4974-A74E-29588975193F}"
EndProject
Project("{FAE04EC0-301F-11D3-BF4B-00C04F79EFBC}") = "01. List", "01. List\01. List.csproj", "{B9932499-113B-406C-B14B-04C643AD5370}"
EndProject
Global
	GlobalSection(SolutionConfigurationPlatforms) = preSolution
		Debug|Any CPU = Debug|Any CPU
		Release|Any CPU = Release|Any CPU
	EndGlobalSection
	GlobalSection(ProjectConfigurationPlatforms) = postSolution
		{9E1DD6FA-50CD-4974-A74E-29588975193F}.Debug|Any CPU.ActiveCfg = Debug|Any CPU
		{9E1DD6FA-50CD-4974-A74E-29588975193F}.Debug|Any CPU.Build.0 = Debug|Any CPU
		{9E1DD6FA-50CD-4974-A74E-29588975193F}.Release|Any CPU.ActiveCfg = Release|Any CPU
		{9E1DD6FA-50CD-4974-A74E-29588975193F}.Release|Any CPU.Build.0 = Release|Any CPU
		{B9932499-113B-406C-B14B-04C643AD5370}.Debug|Any CPU.ActiveCfg = Debug|Any CPU
		{B9932499-113B-406C-B14B-04C643AD5370}.Debug|Any CPU.Build.0 = Debug|Any CPU
		{B9932499-113B-406C-B14B-04C643AD5370}.Release|Any CPU.ActiveCfg = Release|Any CPU
		{B9932499-113B-406C-B14B-04C643AD5370}.Release|Any CPU.Build.0 = Release|Any CPU
	EndGlobalSection
	GlobalSection(SolutionProperties) = preSolution
		HideSolutionNode = FALSE
	EndGlobalSection
	GlobalSection(ExtensibilityGlobals) = postSolution
		SolutionGuid = {D60FFF50-6605-401D-B6B8-3C378F2A46CE}
	EndGlobalSection
EndGlobal
